
Microsoft Visual Studio Solution File, Format Version 12.00
# Visual Studio Version 16
VisualStudioVersion = 16.0.31019.35
MinimumVisualStudioVersion = 10.0.40219.1
Project("{FAE04EC0-301F-11D3-BF4B-00C04F79EFBC}") = "NguyenThiMyAnh_5951071001", "NguyenThiMyAnh_5951071001\NguyenThiMyAnh_5951071001.csproj", "{DE57B320-4716-4C95-8B17-AC334F63FEC7}"
EndProject
Global
	GlobalSection(SolutionConfigurationPlatforms) = preSolution
		Debug|Any CPU = Debug|Any CPU
		Release|Any CPU = Release|Any CPU
	EndGlobalSection
	GlobalSection(ProjectConfigurationPlatforms) = postSolution
		{DE57B320-4716-4C95-8B17-AC334F63FEC7}.Debug|Any CPU.ActiveCfg = Debug|Any CPU
		{DE57B320-4716-4C95-8B17-AC334F63FEC7}.Debug|Any CPU.Build.0 = Debug|Any CPU
		{DE57B320-4716-4C95-8B17-AC334F63FEC7}.Release|Any CPU.ActiveCfg = Release|Any CPU
		{DE57B320-4716-4C95-8B17-AC334F63FEC7}.Release|Any CPU.Build.0 = Release|Any CPU
	EndGlobalSection
	GlobalSection(SolutionProperties) = preSolution
		HideSolutionNode = FALSE
	EndGlobalSection
	GlobalSection(ExtensibilityGlobals) = postSolution
		SolutionGuid = {88497CB3-BD80-4AC7-B655-E3A186ECC64F}
	EndGlobalSection
EndGlobal
